
Microsoft Visual Studio Solution File, Format Version 12.00
# Visual Studio 15
VisualStudioVersion = 15.0.28010.2026
MinimumVisualStudioVersion = 10.0.40219.1
Project("{FAE04EC0-301F-11D3-BF4B-00C04F79EFBC}") = "InventoryManagement", "InventoryManagement\InventoryManagement.csproj", "{ED289088-ED24-4A01-80E6-859B76B72956}"
EndProject
Project("{FAE04EC0-301F-11D3-BF4B-00C04F79EFBC}") = "InvConsole", "InvConsole\InvConsole.csproj", "{91AF6890-DBF7-4627-832F-3209F598A04E}"
EndProject
Project("{9A19103F-16F7-4668-BE54-9A1E7A4F7556}") = "InventoryUnitTests", "InventoryUnitTests\InventoryUnitTests.csproj", "{928A0238-1D61-41EB-BC87-45DBFAD9630C}"
EndProject
Global
	GlobalSection(SolutionConfigurationPlatforms) = preSolution
		Debug|Any CPU = Debug|Any CPU
		Release|Any CPU = Release|Any CPU
	EndGlobalSection
	GlobalSection(ProjectConfigurationPlatforms) = postSolution
		{ED289088-ED24-4A01-80E6-859B76B72956}.Debug|Any CPU.ActiveCfg = Debug|Any CPU
		{ED289088-ED24-4A01-80E6-859B76B72956}.Debug|Any CPU.Build.0 = Debug|Any CPU
		{ED289088-ED24-4A01-80E6-859B76B72956}.Release|Any CPU.ActiveCfg = Release|Any CPU
		{ED289088-ED24-4A01-80E6-859B76B72956}.Release|Any CPU.Build.0 = Release|Any CPU
		{91AF6890-DBF7-4627-832F-3209F598A04E}.Debug|Any CPU.ActiveCfg = Debug|Any CPU
		{91AF6890-DBF7-4627-832F-3209F598A04E}.Debug|Any CPU.Build.0 = Debug|Any CPU
		{91AF6890-DBF7-4627-832F-3209F598A04E}.Release|Any CPU.ActiveCfg = Release|Any CPU
		{91AF6890-DBF7-4627-832F-3209F598A04E}.Release|Any CPU.Build.0 = Release|Any CPU
		{928A0238-1D61-41EB-BC87-45DBFAD9630C}.Debug|Any CPU.ActiveCfg = Debug|Any CPU
		{928A0238-1D61-41EB-BC87-45DBFAD9630C}.Debug|Any CPU.Build.0 = Debug|Any CPU
		{928A0238-1D61-41EB-BC87-45DBFAD9630C}.Release|Any CPU.ActiveCfg = Release|Any CPU
		{928A0238-1D61-41EB-BC87-45DBFAD9630C}.Release|Any CPU.Build.0 = Release|Any CPU
	EndGlobalSection
	GlobalSection(SolutionProperties) = preSolution
		HideSolutionNode = FALSE
	EndGlobalSection
	GlobalSection(ExtensibilityGlobals) = postSolution
		SolutionGuid = {A62FBA80-76C3-4D22-84C8-B6DB6EC5A147}
	EndGlobalSection
EndGlobal
